{
  "projects": [
    {
      "projectId": "i3z63WaCLuRiSZRBwZC8d1",
      "version": "6.5.0",
      "dependencies": {},
      "lang": "ts",
      "fileLocks": [
        {
          "assetId": "i3z63WaCLuRiSZRBwZC8d1",
          "type": "projectCss",
          "checksum": "e1ec850476829c38b0f9b6d4f7ac446a"
        },
        {
          "assetId": "i3z63WaCLuRiSZRBwZC8d1",
          "checksum": "c667a174249f26f37a43c0431c9d7620",
          "type": "globalContexts"
        }
      ],
      "codegenVersion": "0.0.1"
    },
    {
      "projectId": "xp1p7dmg329XVLHyuEUxD2",
      "version": "11.16.0",
      "dependencies": {},
      "lang": "ts",
      "fileLocks": [
        {
          "assetId": "xp1p7dmg329XVLHyuEUxD2",
          "type": "projectCss",
          "checksum": "1b891cf9539f1db972dc4163ae1172e9"
        }
      ],
      "codegenVersion": "0.0.1"
    },
    {
      "projectId": "q7GsKSKBAN3BeuhzrgUjPJ",
      "version": "latest",
      "dependencies": {
        "xp1p7dmg329XVLHyuEUxD2": "11.16.0",
        "i3z63WaCLuRiSZRBwZC8d1": "6.5.0"
      },
      "lang": "ts",
      "fileLocks": [
        {
          "type": "globalVariant",
          "assetId": "QiVkv0s5HGDFx",
          "checksum": "51fa387e55afada04d50c36de4cfb60d"
        },
        {
          "assetId": "q7GsKSKBAN3BeuhzrgUjPJ",
          "checksum": "311f1a5334095d042f81314418f90b51",
          "type": "globalContexts"
        },
        {
          "type": "renderModule",
          "assetId": "a-kQ_FGuOezt",
          "checksum": "81129872cbbf48837bf54a6d5ffb7bab"
        },
        {
          "type": "cssRules",
          "assetId": "a-kQ_FGuOezt",
          "checksum": "81129872cbbf48837bf54a6d5ffb7bab"
        },
        {
          "type": "renderModule",
          "assetId": "e_OoaHy7lLOh",
          "checksum": "0e9fa335539af52fb3f18b636eb62838"
        },
        {
          "type": "cssRules",
          "assetId": "e_OoaHy7lLOh",
          "checksum": "0e9fa335539af52fb3f18b636eb62838"
        },
        {
          "type": "renderModule",
          "assetId": "xX-slQlqnGHv",
          "checksum": "ba85e5f411778c48e1094628ca811064"
        },
        {
          "type": "cssRules",
          "assetId": "xX-slQlqnGHv",
          "checksum": "ba85e5f411778c48e1094628ca811064"
        },
        {
          "type": "renderModule",
          "assetId": "TYeGnnCG6iTC",
          "checksum": "534542add7e0fba74dc5558677279e16"
        },
        {
          "type": "cssRules",
          "assetId": "TYeGnnCG6iTC",
          "checksum": "534542add7e0fba74dc5558677279e16"
        },
        {
          "type": "renderModule",
          "assetId": "2c7UKi3Dnut0",
          "checksum": "f79457c0cdf54f868422a3ec7335161a"
        },
        {
          "type": "cssRules",
          "assetId": "2c7UKi3Dnut0",
          "checksum": "f79457c0cdf54f868422a3ec7335161a"
        },
        {
          "type": "renderModule",
          "assetId": "BOcTor0UIBON",
          "checksum": "4a6c4abe557fc06839b865d9e5c33d5b"
        },
        {
          "type": "cssRules",
          "assetId": "BOcTor0UIBON",
          "checksum": "4a6c4abe557fc06839b865d9e5c33d5b"
        },
        {
          "type": "renderModule",
          "assetId": "ZJzhr0ZaNYfr",
          "checksum": "cdc13ab600ed7ba7a152e7908e1aa7c1"
        },
        {
          "type": "cssRules",
          "assetId": "ZJzhr0ZaNYfr",
          "checksum": "cdc13ab600ed7ba7a152e7908e1aa7c1"
        },
        {
          "type": "renderModule",
          "assetId": "z7eiptq3UC",
          "checksum": "4ac7e8bde9d3552a6bda57b93b3da0c2"
        },
        {
          "type": "cssRules",
          "assetId": "z7eiptq3UC",
          "checksum": "4ac7e8bde9d3552a6bda57b93b3da0c2"
        },
        {
          "type": "icon",
          "assetId": "xZcKfNxFaucf",
          "checksum": "29449572e548d31c2d7b534df8c24f1d"
        },
        {
          "type": "icon",
          "assetId": "HVKgsVlW_CR9",
          "checksum": "62efa3806160fbe4f1bbe595f5a85795"
        },
        {
          "type": "icon",
          "assetId": "t8UbYswFsX14",
          "checksum": "fc9c2419927273cdbd51d4d75b7a18b8"
        },
        {
          "type": "icon",
          "assetId": "5ZQOlpM5H12X",
          "checksum": "cb03b02231beb52572289a34dcf29262"
        },
        {
          "type": "icon",
          "assetId": "AlGmjCrNZEGl",
          "checksum": "dc58213b4c3db728aaa828be1fce9c6a"
        },
        {
          "type": "icon",
          "assetId": "h23UGVxg1gJN",
          "checksum": "b390c98e1c3a70d02f704fe170eca54b"
        },
        {
          "type": "icon",
          "assetId": "kDVDLKV3uvq9",
          "checksum": "d3abd2b329a56ffcfe0824bec11dafc7"
        },
        {
          "type": "icon",
          "assetId": "4n4FP8C_M5dW",
          "checksum": "d915c9134edceef679396403bf1c577b"
        },
        {
          "type": "icon",
          "assetId": "hXhRj9AsYuQM",
          "checksum": "c37f42bbad190743ef8cd65bb46ed0f9"
        },
        {
          "type": "icon",
          "assetId": "puP-fBpxch8H",
          "checksum": "89a2281e745d53f20f1999f248870f04"
        },
        {
          "type": "image",
          "assetId": "37rMFdcEPhpq",
          "checksum": "0d38d0e71fe4a0bc4a4593746602609c"
        },
        {
          "type": "image",
          "assetId": "yzIM8ZKAAhhS",
          "checksum": "025310cd3c1462f2eae5ae131173f749"
        },
        {
          "type": "image",
          "assetId": "D3GI1chcfmNa",
          "checksum": "d3d262b5d7e8591b7cbe62b28cdb2939"
        },
        {
          "type": "image",
          "assetId": "ZSHoSGw3OkIh",
          "checksum": "67019ce8a3ee5b1ba3c04a2d5dae3f8c"
        },
        {
          "type": "image",
          "assetId": "NmFwe6hkj3Tv",
          "checksum": "2f42ab3923900602246b04b8a924a4d6"
        },
        {
          "type": "image",
          "assetId": "ReTpj51Sp4Qd",
          "checksum": "9bf9727ee209391ad89d260a2b110a8b"
        },
        {
          "assetId": "q7GsKSKBAN3BeuhzrgUjPJ",
          "type": "projectCss",
          "checksum": "1d5bf2fddcd73ee412fd727e49a79848"
        }
      ],
      "codegenVersion": "0.0.1"
    }
  ],
  "cliVersion": "0.1.273"
}
